// !$*UTF8*$!
{
	archiveVersion = 1;
	classes = {
	};
	objectVersion = 48;
	objects = {

/* Begin PBXBuildFile section */
		3DE26AE42073B77A00CDFD95 /* AppDelegate.swift in Sources */ = {isa = PBXBuildFile; fileRef = 3DE26AE32073B77A00CDFD95 /* AppDelegate.swift */; };
		3DE26AE92073B77A00CDFD95 /* Main.storyboard in Resources */ = {isa = PBXBuildFile; fileRef = 3DE26AE72073B77A00CDFD95 /* Main.storyboard */; };
		3DE26AEB2073B77A00CDFD95 /* Assets.xcassets in Resources */ = {isa = PBXBuildFile; fileRef = 3DE26AEA2073B77A00CDFD95 /* Assets.xcassets */; };
		3DE26AEE2073B77A00CDFD95 /* LaunchScreen.storyboard in Resources */ = {isa = PBXBuildFile; fileRef = 3DE26AEC2073B77A00CDFD95 /* LaunchScreen.storyboard */; };
		3DE26AFA2073B85200CDFD95 /* MainViewController.swift in Sources */ = {isa = PBXBuildFile; fileRef = 3DE26AF92073B85200CDFD95 /* MainViewController.swift */; };
		3DE26AFC2073B87C00CDFD95 /* KSectionHeaderView.swift in Sources */ = {isa = PBXBuildFile; fileRef = 3DE26AFB2073B87C00CDFD95 /* KSectionHeaderView.swift */; };
		3DE26AFE2073BC8100CDFD95 /* KNavigationController.swift in Sources */ = {isa = PBXBuildFile; fileRef = 3DE26AFD2073BC8100CDFD95 /* KNavigationController.swift */; };
		3DE26B002073BC9D00CDFD95 /* KViewController.swift in Sources */ = {isa = PBXBuildFile; fileRef = 3DE26AFF2073BC9D00CDFD95 /* KViewController.swift */; };
		3DE26B072074E1ED00CDFD95 /* SectionModel.swift in Sources */ = {isa = PBXBuildFile; fileRef = 3DE26B062074E1ED00CDFD95 /* SectionModel.swift */; };
/* End PBXBuildFile section */

/* Begin PBXFileReference section */
		3DE26AE02073B77A00CDFD95 /* SwiftDemo.app */ = {isa = PBXFileReference; explicitFileType = wrapper.application; includeInIndex = 0; path = SwiftDemo.app; sourceTree = BUILT_PRODUCTS_DIR; };
		3DE26AE32073B77A00CDFD95 /* AppDelegate.swift */ = {isa = PBXFileReference; lastKnownFileType = sourcecode.swift; path = AppDelegate.swift; sourceTree = "<group>"; };
		3DE26AE82073B77A00CDFD95 /* Base */ = {isa = PBXFileReference; lastKnownFileType = file.storyboard; name = Base; path = Base.lproj/Main.storyboard; sourceTree = "<group>"; };
		3DE26AEA2073B77A00CDFD95 /* Assets.xcassets */ = {isa = PBXFileReference; lastKnownFileType = folder.assetcatalog; path = Assets.xcassets; sourceTree = "<group>"; };
		3DE26AED2073B77A00CDFD95 /* Base */ = {isa = PBXFileReference; lastKnownFileType = file.storyboard; name = Base; path = Base.lproj/LaunchScreen.storyboard; sourceTree = "<group>"; };
		3DE26AEF2073B77A00CDFD95 /* Info.plist */ = {isa = PBXFileReference; lastKnownFileType = text.plist.xml; path = Info.plist; sourceTree = "<group>"; };
		3DE26AF92073B85200CDFD95 /* MainViewController.swift */ = {isa = PBXFileReference; lastKnownFileType = sourcecode.swift; path = MainViewController.swift; sourceTree = "<group>"; };
		3DE26AFB2073B87C00CDFD95 /* KSectionHeaderView.swift */ = {isa = PBXFileReference; lastKnownFileType = sourcecode.swift; path = KSectionHeaderView.swift; sourceTree = "<group>"; };
		3DE26AFD2073BC8100CDFD95 /* KNavigationController.swift */ = {isa = PBXFileReference; lastKnownFileType = sourcecode.swift; path = KNavigationController.swift; sourceTree = "<group>"; };
		3DE26AFF2073BC9D00CDFD95 /* KViewController.swift */ = {isa = PBXFileReference; lastKnownFileType = sourcecode.swift; path = KViewController.swift; sourceTree = "<group>"; };
		3DE26B062074E1ED00CDFD95 /* SectionModel.swift */ = {isa = PBXFileReference; lastKnownFileType = sourcecode.swift; path = SectionModel.swift; sourceTree = "<group>"; };
/* End PBXFileReference section */

/* Begin PBXFrameworksBuildPhase section */
		3DE26ADD2073B77A00CDFD95 /* Frameworks */ = {
			isa = PBXFrameworksBuildPhase;
			buildActionMask = 2147483647;
			files = (
			);
			runOnlyForDeploymentPostprocessing = 0;
		};
/* End PBXFrameworksBuildPhase section */

/* Begin PBXGroup section */
		3DE26AD72073B77A00CDFD95 = {
			isa = PBXGroup;
			children = (
				3DE26AE22073B77A00CDFD95 /* SwiftDemo */,
				3DE26AE12073B77A00CDFD95 /* Products */,
			);
			sourceTree = "<group>";
		};
		3DE26AE12073B77A00CDFD95 /* Products */ = {
			isa = PBXGroup;
			children = (
				3DE26AE02073B77A00CDFD95 /* SwiftDemo.app */,
			);
			name = Products;
			sourceTree = "<group>";
		};
		3DE26AE22073B77A00CDFD95 /* SwiftDemo */ = {
			isa = PBXGroup;
			children = (
				3DE26AF52073B7DC00CDFD95 /* Main */,
				3DE26AE32073B77A00CDFD95 /* AppDelegate.swift */,
				3DE26AE72073B77A00CDFD95 /* Main.storyboard */,
				3DE26AEA2073B77A00CDFD95 /* Assets.xcassets */,
				3DE26AEC2073B77A00CDFD95 /* LaunchScreen.storyboard */,
				3DE26AEF2073B77A00CDFD95 /* Info.plist */,
			);
			path = SwiftDemo;
			sourceTree = "<group>";
		};
		3DE26AF52073B7DC00CDFD95 /* Main */ = {
			isa = PBXGroup;
			children = (
				3DE26AF72073B83500CDFD95 /* Controller */,
				3DE26AF82073B83500CDFD95 /* Model */,
				3DE26AF62073B83500CDFD95 /* View */,
			);
			path = Main;
			sourceTree = "<group>";
		};
		3DE26AF62073B83500CDFD95 /* View */ = {
			isa = PBXGroup;
			children = (
				3DE26AFB2073B87C00CDFD95 /* KSectionHeaderView.swift */,
			);
			path = View;
			sourceTree = "<group>";
		};
		3DE26AF72073B83500CDFD95 /* Controller */ = {
			isa = PBXGroup;
			children = (
				3DE26AF92073B85200CDFD95 /* MainViewController.swift */,
				3DE26AFF2073BC9D00CDFD95 /* KViewController.swift */,
				3DE26AFD2073BC8100CDFD95 /* KNavigationController.swift */,
			);
			path = Controller;
			sourceTree = "<group>";
		};
		3DE26AF82073B83500CDFD95 /* Model */ = {
			isa = PBXGroup;
			children = (
				3DE26B062074E1ED00CDFD95 /* SectionModel.swift */,
			);
			path = Model;
			sourceTree = "<group>";
		};
/* End PBXGroup section */

/* Begin PBXNativeTarget section */
		3DE26ADF2073B77A00CDFD95 /* SwiftDemo */ = {
			isa = PBXNativeTarget;
			buildConfigurationList = 3DE26AF22073B77A00CDFD95 /* Build configuration list for PBXNativeTarget "SwiftDemo" */;
			buildPhases = (
				3DE26ADC2073B77A00CDFD95 /* Sources */,
				3DE26ADD2073B77A00CDFD95 /* Frameworks */,
				3DE26ADE2073B77A00CDFD95 /* Resources */,
			);
			buildRules = (
			);
			dependencies = (
			);
			name = SwiftDemo;
			productName = SwiftDemo;
			productReference = 3DE26AE02073B77A00CDFD95 /* SwiftDemo.app */;
			productType = "com.apple.product-type.application";
		};
/* End PBXNativeTarget section */

/* Begin PBXProject section */
		3DE26AD82073B77A00CDFD95 /* Project object */ = {
			isa = PBXProject;
			attributes = {
				LastSwiftUpdateCheck = 0920;
				LastUpgradeCheck = 0920;
				ORGANIZATIONNAME = kang;
				TargetAttributes = {
					3DE26ADF2073B77A00CDFD95 = {
						CreatedOnToolsVersion = 9.2;
						ProvisioningStyle = Automatic;
					};
				};
			};
			buildConfigurationList = 3DE26ADB2073B77A00CDFD95 /* Build configuration list for PBXProject "SwiftDemo" */;
			compatibilityVersion = "Xcode 8.0";
			developmentRegion = en;
			hasScannedForEncodings = 0;
			knownRegions = (
				en,
				Base,
			);
			mainGroup = 3DE26AD72073B77A00CDFD95;
			productRefGroup = 3DE26AE12073B77A00CDFD95 /* Products */;
			projectDirPath = "";
			projectRoot = "";
			targets = (
				3DE26ADF2073B77A00CDFD95 /* SwiftDemo */,
			);
		};
/* End PBXProject section */

/* Begin PBXResourcesBuildPhase section */
		3DE26ADE2073B77A00CDFD95 /* Resources */ = {
			isa = PBXResourcesBuildPhase;
			buildActionMask = 2147483647;
			files = (
				3DE26AEE2073B77A00CDFD95 /* LaunchScreen.storyboard in Resources */,
				3DE26AEB2073B77A00CDFD95 /* Assets.xcassets in Resources */,
				3DE26AE92073B77A00CDFD95 /* Main.storyboard in Resources */,
			);
			runOnlyForDeploymentPostprocessing = 0;
		};
/* End PBXResourcesBuildPhase section */

/* Begin PBXSourcesBuildPhase section */
		3DE26ADC2073B77A00CDFD95 /* Sources */ = {
			isa = PBXSourcesBuildPhase;
			buildActionMask = 2147483647;
			files = (
				3DE26AFA2073B85200CDFD95 /* MainViewController.swift in Sources */,
				3DE26AFE2073BC8100CDFD95 /* KNavigationController.swift in Sources */,
				3DE26AE42073B77A00CDFD95 /* AppDelegate.swift in Sources */,
				3DE26B002073BC9D00CDFD95 /* KViewController.swift in Sources */,
				3DE26AFC2073B87C00CDFD95 /* KSectionHeaderView.swift in Sources */,
				3DE26B072074E1ED00CDFD95 /* SectionModel.swift in Sources */,
			);
			runOnlyForDeploymentPostprocessing = 0;
		};
/* End PBXSourcesBuildPhase section */

/* Begin PBXVariantGroup section */
		3DE26AE72073B77A00CDFD95 /* Main.storyboard */ = {
			isa = PBXVariantGroup;
			children = (
				3DE26AE82073B77A00CDFD95 /* Base */,
			);
			name = Main.storyboard;
			sourceTree = "<group>";
		};
		3DE26AEC2073B77A00CDFD95 /* LaunchScreen.storyboard */ = {
			isa = PBXVariantGroup;
			children = (
				3DE26AED2073B77A00CDFD95 /* Base */,
			);
			name = LaunchScreen.storyboard;
			sourceTree = "<group>";
		};
/* End PBXVariantGroup section */

/* Begin XCBuildConfiguration section */
		3DE26AF02073B77A00CDFD95 /* Debug */ = {
			isa = XCBuildConfiguration;
			buildSettings = {
				ALWAYS_SEARCH_USER_PATHS = NO;
				CLANG_ANALYZER_NONNULL = YES;
				CLANG_ANALYZER_NUMBER_OBJECT_CONVERSION = YES_AGGRESSIVE;
				CLANG_CXX_LANGUAGE_STANDARD = "gnu++14";
				CLANG_CXX_LIBRARY = "libc++";
				CLANG_ENABLE_MODULES = YES;
				CLANG_ENABLE_OBJC_ARC = YES;
				CLANG_WARN_BLOCK_CAPTURE_AUTORELEASING = YES;
				CLANG_WARN_BOOL_CONVERSION = YES;
				CLANG_WARN_COMMA = YES;
				CLANG_WARN_CONSTANT_CONVERSION = YES;
				CLANG_WARN_DIRECT_OBJC_ISA_USAGE = YES_ERROR;
				CLANG_WARN_DOCUMENTATION_COMMENTS = YES;
				CLANG_WARN_EMPTY_BODY = YES;
				CLANG_WARN_ENUM_CONVERSION = YES;
				CLANG_WARN_INFINITE_RECURSION = YES;
				CLANG_WARN_INT_CONVERSION = YES;
				CLANG_WARN_NON_LITERAL_NULL_CONVERSION = YES;
				CLANG_WARN_OBJC_LITERAL_CONVERSION = YES;
				CLANG_WARN_OBJC_ROOT_CLASS = YES_ERROR;
				CLANG_WARN_RANGE_LOOP_ANALYSIS = YES;
				CLANG_WARN_STRICT_PROTOTYPES = YES;
				CLANG_WARN_SUSPICIOUS_MOVE = YES;
				CLANG_WARN_UNGUARDED_AVAILABILITY = YES_AGGRESSIVE;
				CLANG_WARN_UNREACHABLE_CODE = YES;
				CLANG_WARN__DUPLICATE_METHOD_MATCH = YES;
				CODE_SIGN_IDENTITY = "iPhone Developer";
				COPY_PHASE_STRIP = NO;
				DEBUG_INFORMATION_FORMAT = dwarf;
				ENABLE_STRICT_OBJC_MSGSEND = YES;
				ENABLE_TESTABILITY = YES;
				GCC_C_LANGUAGE_STANDARD = gnu11;
				GCC_DYNAMIC_NO_PIC = NO;
				GCC_NO_COMMON_BLOCKS = YES;
				GCC_OPTIMIZATION_LEVEL = 0;
				GCC_PREPROCESSOR_DEFINITIONS = (
					"DEBUG=1",
					"$(inherited)",
				);
				GCC_WARN_64_TO_32_BIT_CONVERSION = YES;
				GCC_WARN_ABOUT_RETURN_TYPE = YES_ERROR;
				GCC_WARN_UNDECLARED_SELECTOR = YES;
				GCC_WARN_UNINITIALIZED_AUTOS = YES_AGGRESSIVE;
				GCC_WARN_UNUSED_FUNCTION = YES;
				GCC_WARN_UNUSED_VARIABLE = YES;
				IPHONEOS_DEPLOYMENT_TARGET = 11.2;
				MTL_ENABLE_DEBUG_INFO = YES;
				ONLY_ACTIVE_ARCH = YES;
				SDKROOT = iphoneos;
				SWIFT_ACTIVE_COMPILATION_CONDITIONS = DEBUG;
				SWIFT_OPTIMIZATION_LEVEL = "-Onone";
			};
			name = Debug;
		};
		3DE26AF12073B77A00CDFD95 /* Release */ = {
			isa = XCBuildConfiguration;
			buildSettings = {
				ALWAYS_SEARCH_USER_PATHS = NO;
				CLANG_ANALYZER_NONNULL = YES;
				CLANG_ANALYZER_NUMBER_OBJECT_CONVERSION = YES_AGGRESSIVE;
				CLANG_CXX_LANGUAGE_STANDARD = "gnu++14";
				CLANG_CXX_LIBRARY = "libc++";
				CLANG_ENABLE_MODULES = YES;
				CLANG_ENABLE_OBJC_ARC = YES;
				CLANG_WARN_BLOCK_CAPTURE_AUTORELEASING = YES;
				CLANG_WARN_BOOL_CONVERSION = YES;
				CLANG_WARN_COMMA = YES;
				CLANG_WARN_CONSTANT_CONVERSION = YES;
				CLANG_WARN_DIRECT_OBJC_ISA_USAGE = YES_ERROR;
				CLANG_WARN_DOCUMENTATION_COMMENTS = YES;
				CLANG_WARN_EMPTY_BODY = YES;
				CLANG_WARN_ENUM_CONVERSION = YES;
				CLANG_WARN_INFINITE_RECURSION = YES;
				CLANG_WARN_INT_CONVERSION = YES;
				CLANG_WARN_NON_LITERAL_NULL_CONVERSION = YES;
				CLANG_WARN_OBJC_LITERAL_CONVERSION = YES;
				CLANG_WARN_OBJC_ROOT_CLASS = YES_ERROR;
				CLANG_WARN_RANGE_LOOP_ANALYSIS = YES;
				CLANG_WARN_STRICT_PROTOTYPES = YES;
				CLANG_WARN_SUSPICIOUS_MOVE = YES;
				CLANG_WARN_UNGUARDED_AVAILABILITY = YES_AGGRESSIVE;
				CLANG_WARN_UNREACHABLE_CODE = YES;
				CLANG_WARN__DUPLICATE_METHOD_MATCH = YES;
				CODE_SIGN_IDENTITY = "iPhone Developer";
				COPY_PHASE_STRIP = NO;
				DEBUG_INFORMATION_FORMAT = "dwarf-with-dsym";
				ENABLE_NS_ASSERTIONS = NO;
				ENABLE_STRICT_OBJC_MSGSEND = YES;
				GCC_C_LANGUAGE_STANDARD = gnu11;
				GCC_NO_COMMON_BLOCKS = YES;
				GCC_WARN_64_TO_32_BIT_CONVERSION = YES;
				GCC_WARN_ABOUT_RETURN_TYPE = YES_ERROR;
				GCC_WARN_UNDECLARED_SELECTOR = YES;
				GCC_WARN_UNINITIALIZED_AUTOS = YES_AGGRESSIVE;
				GCC_WARN_UNUSED_FUNCTION = YES;
				GCC_WARN_UNUSED_VARIABLE = YES;
				IPHONEOS_DEPLOYMENT_TARGET = 11.2;
				MTL_ENABLE_DEBUG_INFO = NO;
				SDKROOT = iphoneos;
				SWIFT_OPTIMIZATION_LEVEL = "-Owholemodule";
				VALIDATE_PRODUCT = YES;
			};
			name = Release;
		};
		3DE26AF32073B77A00CDFD95 /* Debug */ = {
			isa = XCBuildConfiguration;
			buildSettings = {
				ASSETCATALOG_COMPILER_APPICON_NAME = AppIcon;
				CODE_SIGN_STYLE = Automatic;
				DEVELOPMENT_TEAM = 5BB83946D7;
				INFOPLIST_FILE = SwiftDemo/Info.plist;
				LD_RUNPATH_SEARCH_PATHS = "$(inherited) @executable_path/Frameworks";
				PRODUCT_BUNDLE_IDENTIFIER = com.kang.SwiftDemo;
				PRODUCT_NAME = "$(TARGET_NAME)";
				SWIFT_VERSION = 4.0;
				TARGETED_DEVICE_FAMILY = "1,2";
			};
			name = Debug;
		};
		3DE26AF42073B77A00CDFD95 /* Release */ = {
			isa = XCBuildConfiguration;
			buildSettings = {
				ASSETCATALOG_COMPILER_APPICON_NAME = AppIcon;
				CODE_SIGN_STYLE = Automatic;
				DEVELOPMENT_TEAM = 5BB83946D7;
				INFOPLIST_FILE = SwiftDemo/Info.plist;
				LD_RUNPATH_SEARCH_PATHS = "$(inherited) @executable_path/Frameworks";
				PRODUCT_BUNDLE_IDENTIFIER = com.kang.SwiftDemo;
				PRODUCT_NAME = "$(TARGET_NAME)";
				SWIFT_VERSION = 4.0;
				TARGETED_DEVICE_FAMILY = "1,2";
			};
			name = Release;
		};
/* End XCBuildConfiguration section */

/* Begin XCConfigurationList section */
		3DE26ADB2073B77A00CDFD95 /* Build configuration list for PBXProject "SwiftDemo" */ = {
			isa = XCConfigurationList;
			buildConfigurations = (
				3DE26AF02073B77A00CDFD95 /* Debug */,
				3DE26AF12073B77A00CDFD95 /* Release */,
			);
			defaultConfigurationIsVisible = 0;
			defaultConfigurationName = Release;
		};
		3DE26AF22073B77A00CDFD95 /* Build configuration list for PBXNativeTarget "SwiftDemo" */ = {
			isa = XCConfigurationList;
			buildConfigurations = (
				3DE26AF32073B77A00CDFD95 /* Debug */,
				3DE26AF42073B77A00CDFD95 /* Release */,
			);
			defaultConfigurationIsVisible = 0;
			defaultConfigurationName = Release;
		};
/* End XCConfigurationList section */
	};
	rootObject = 3DE26AD82073B77A00CDFD95 /* Project object */;
}
